
Microsoft Visual Studio Solution File, Format Version 12.00
# Visual Studio Version 16
VisualStudioVersion = 16.0.30907.101
MinimumVisualStudioVersion = 10.0.40219.1
Project("{9A19103F-16F7-4668-BE54-9A1E7A4F7556}") = "LambdaUnitTestExample", "LambdaUnitTestExample.csproj", "{189AA9E9-6191-4995-9C80-ABA4E83465D8}"
EndProject
Project("{9A19103F-16F7-4668-BE54-9A1E7A4F7556}") = "LambdaUnitTestExample.Tests", "..\LambdaUnitTestExample.Tests\LambdaUnitTestExample.Tests.csproj", "{71BC4A85-A942-4F73-B27A-566EF5999A06}"
EndProject
Global
	GlobalSection(SolutionConfigurationPlatforms) = preSolution
		Debug|Any CPU = Debug|Any CPU
		Release|Any CPU = Release|Any CPU
	EndGlobalSection
	GlobalSection(ProjectConfigurationPlatforms) = postSolution
		{189AA9E9-6191-4995-9C80-ABA4E83465D8}.Debug|Any CPU.ActiveCfg = Debug|Any CPU
		{189AA9E9-6191-4995-9C80-ABA4E83465D8}.Debug|Any CPU.Build.0 = Debug|Any CPU
		{189AA9E9-6191-4995-9C80-ABA4E83465D8}.Release|Any CPU.ActiveCfg = Release|Any CPU
		{189AA9E9-6191-4995-9C80-ABA4E83465D8}.Release|Any CPU.Build.0 = Release|Any CPU
		{71BC4A85-A942-4F73-B27A-566EF5999A06}.Debug|Any CPU.ActiveCfg = Debug|Any CPU
		{71BC4A85-A942-4F73-B27A-566EF5999A06}.Debug|Any CPU.Build.0 = Debug|Any CPU
		{71BC4A85-A942-4F73-B27A-566EF5999A06}.Release|Any CPU.ActiveCfg = Release|Any CPU
		{71BC4A85-A942-4F73-B27A-566EF5999A06}.Release|Any CPU.Build.0 = Release|Any CPU
	EndGlobalSection
	GlobalSection(SolutionProperties) = preSolution
		HideSolutionNode = FALSE
	EndGlobalSection
	GlobalSection(ExtensibilityGlobals) = postSolution
		SolutionGuid = {B13E1092-3AB4-48A8-ABE8-EDABAE9F0D99}
	EndGlobalSection
EndGlobal
